
Microsoft Visual Studio Solution File, Format Version 12.00
# Visual Studio Version 16
VisualStudioVersion = 16.0.30413.136
MinimumVisualStudioVersion = 10.0.40219.1
Project("{8BC9CEB8-8B4A-11D0-8D11-00A0C91BC942}") = "TwoVariablesPlease", "TwoVariablesPlease\TwoVariablesPlease.vcxproj", "{47F49F51-8E2C-458D-9374-5F6E9FBBC9EE}"
EndProject
Global
	GlobalSection(SolutionConfigurationPlatforms) = preSolution
		Debug|x64 = Debug|x64
		Debug|x86 = Debug|x86
		Release|x64 = Release|x64
		Release|x86 = Release|x86
	EndGlobalSection
	GlobalSection(ProjectConfigurationPlatforms) = postSolution
		{47F49F51-8E2C-458D-9374-5F6E9FBBC9EE}.Debug|x64.ActiveCfg = Debug|x64
		{47F49F51-8E2C-458D-9374-5F6E9FBBC9EE}.Debug|x64.Build.0 = Debug|x64
		{47F49F51-8E2C-458D-9374-5F6E9FBBC9EE}.Debug|x86.ActiveCfg = Debug|Win32
		{47F49F51-8E2C-458D-9374-5F6E9FBBC9EE}.Debug|x86.Build.0 = Debug|Win32
		{47F49F51-8E2C-458D-9374-5F6E9FBBC9EE}.Release|x64.ActiveCfg = Release|x64
		{47F49F51-8E2C-458D-9374-5F6E9FBBC9EE}.Release|x64.Build.0 = Release|x64
		{47F49F51-8E2C-458D-9374-5F6E9FBBC9EE}.Release|x86.ActiveCfg = Release|Win32
		{47F49F51-8E2C-458D-9374-5F6E9FBBC9EE}.Release|x86.Build.0 = Release|Win32
	EndGlobalSection
	GlobalSection(SolutionProperties) = preSolution
		HideSolutionNode = FALSE
	EndGlobalSection
	GlobalSection(ExtensibilityGlobals) = postSolution
		SolutionGuid = {3A688905-8CB9-445B-B253-F7567D79452C}
	EndGlobalSection
EndGlobal
